Microsoft Visual Studio Solution File, Format Version 12.00
# Visual Studio Version 17
VisualStudioVersion = 17.5.2.0
MinimumVisualStudioVersion = 10.0.40219.1
Project("{FAE04EC0-301F-11D3-BF4B-00C04F79EFBC}") = "WagiKalmar", "WagiKalmar.csproj", "{59EF854D-C6CE-F6D5-B6DC-63485619E641}"
EndProject
Global
	GlobalSection(SolutionConfigurationPlatforms) = preSolution
		Debug|Any CPU = Debug|Any CPU
		Release|Any CPU = Release|Any CPU
	EndGlobalSection
	GlobalSection(ProjectConfigurationPlatforms) = postSolution
		{59EF854D-C6CE-F6D5-B6DC-63485619E641}.Debug|Any CPU.ActiveCfg = Debug|Any CPU
		{59EF854D-C6CE-F6D5-B6DC-63485619E641}.Debug|Any CPU.Build.0 = Debug|Any CPU
		{59EF854D-C6CE-F6D5-B6DC-63485619E641}.Release|Any CPU.ActiveCfg = Release|Any CPU
		{59EF854D-C6CE-F6D5-B6DC-63485619E641}.Release|Any CPU.Build.0 = Release|Any CPU
	EndGlobalSection
	GlobalSection(SolutionProperties) = preSolution
		HideSolutionNode = FALSE
	EndGlobalSection
	GlobalSection(ExtensibilityGlobals) = postSolution
		SolutionGuid = {FF625611-4EE5-464E-8E7F-B1AA15B2A52D}
	EndGlobalSection
EndGlobal
